
Microsoft Visual Studio Solution File, Format Version 12.00
# Visual Studio Version 17
VisualStudioVersion = 17.8.34330.188
MinimumVisualStudioVersion = 10.0.40219.1
Project("{9A19103F-16F7-4668-BE54-9A1E7A4F7556}") = "BusinessLayer", "BusinessLayer\BusinessLayer.csproj", "{FA3EDB9D-3D06-4A6C-A669-7C2EC86C34B5}"
EndProject
Project("{9A19103F-16F7-4668-BE54-9A1E7A4F7556}") = "DataAccessLayer", "DataAccessLayer\DataAccessLayer.csproj", "{C4F3B5C6-CC37-45B3-B8AC-AAECDFEC5045}"
EndProject
Project("{9A19103F-16F7-4668-BE54-9A1E7A4F7556}") = "LibraryRepositories", "LibraryRepositories\LibraryRepositories.csproj", "{1139AAEA-A38B-4D4B-A9F7-94655E36B5F2}"
EndProject
Project("{9A19103F-16F7-4668-BE54-9A1E7A4F7556}") = "BookWPFApp", "BookWPFApp\BookWPFApp.csproj", "{D1B17749-F9E0-4E80-8232-62F9D8878722}"
EndProject
Project("{9A19103F-16F7-4668-BE54-9A1E7A4F7556}") = "BookWeb", "BookWeb\BookWeb.csproj", "{9EC7047D-C3F3-4EE6-9A1B-2812C57FBEEB}"
EndProject
Global
	GlobalSection(SolutionConfigurationPlatforms) = preSolution
		Debug|Any CPU = Debug|Any CPU
		Release|Any CPU = Release|Any CPU
	EndGlobalSection
	GlobalSection(ProjectConfigurationPlatforms) = postSolution
		{FA3EDB9D-3D06-4A6C-A669-7C2EC86C34B5}.Debug|Any CPU.ActiveCfg = Debug|Any CPU
		{FA3EDB9D-3D06-4A6C-A669-7C2EC86C34B5}.Debug|Any CPU.Build.0 = Debug|Any CPU
		{FA3EDB9D-3D06-4A6C-A669-7C2EC86C34B5}.Release|Any CPU.ActiveCfg = Release|Any CPU
		{FA3EDB9D-3D06-4A6C-A669-7C2EC86C34B5}.Release|Any CPU.Build.0 = Release|Any CPU
		{C4F3B5C6-CC37-45B3-B8AC-AAECDFEC5045}.Debug|Any CPU.ActiveCfg = Debug|Any CPU
		{C4F3B5C6-CC37-45B3-B8AC-AAECDFEC5045}.Debug|Any CPU.Build.0 = Debug|Any CPU
		{C4F3B5C6-CC37-45B3-B8AC-AAECDFEC5045}.Release|Any CPU.ActiveCfg = Release|Any CPU
		{C4F3B5C6-CC37-45B3-B8AC-AAECDFEC5045}.Release|Any CPU.Build.0 = Release|Any CPU
		{1139AAEA-A38B-4D4B-A9F7-94655E36B5F2}.Debug|Any CPU.ActiveCfg = Debug|Any CPU
		{1139AAEA-A38B-4D4B-A9F7-94655E36B5F2}.Debug|Any CPU.Build.0 = Debug|Any CPU
		{1139AAEA-A38B-4D4B-A9F7-94655E36B5F2}.Release|Any CPU.ActiveCfg = Release|Any CPU
		{1139AAEA-A38B-4D4B-A9F7-94655E36B5F2}.Release|Any CPU.Build.0 = Release|Any CPU
		{D1B17749-F9E0-4E80-8232-62F9D8878722}.Debug|Any CPU.ActiveCfg = Debug|Any CPU
		{D1B17749-F9E0-4E80-8232-62F9D8878722}.Debug|Any CPU.Build.0 = Debug|Any CPU
		{D1B17749-F9E0-4E80-8232-62F9D8878722}.Release|Any CPU.ActiveCfg = Release|Any CPU
		{D1B17749-F9E0-4E80-8232-62F9D8878722}.Release|Any CPU.Build.0 = Release|Any CPU
		{9EC7047D-C3F3-4EE6-9A1B-2812C57FBEEB}.Debug|Any CPU.ActiveCfg = Debug|Any CPU
		{9EC7047D-C3F3-4EE6-9A1B-2812C57FBEEB}.Debug|Any CPU.Build.0 = Debug|Any CPU
		{9EC7047D-C3F3-4EE6-9A1B-2812C57FBEEB}.Release|Any CPU.ActiveCfg = Release|Any CPU
		{9EC7047D-C3F3-4EE6-9A1B-2812C57FBEEB}.Release|Any CPU.Build.0 = Release|Any CPU
	EndGlobalSection
	GlobalSection(SolutionProperties) = preSolution
		HideSolutionNode = FALSE
	EndGlobalSection
	GlobalSection(ExtensibilityGlobals) = postSolution
		SolutionGuid = {42010F83-7AFC-4CB7-B800-7A01A76BB8BA}
	EndGlobalSection
EndGlobal
